
Microsoft Visual Studio Solution File, Format Version 12.00
Project("{FAE04EC0-301F-11D3-BF4B-00C04F79EFBC}") = "Azure.B2C.Samples.AzureB2CWithGroups", "AzureB2CWithGroups\AzureB2CWithGroups.csproj", "{319FA88B-1993-48FE-9C6F-781AF4ABFE3C}"
EndProject
Global
	GlobalSection(SolutionConfigurationPlatforms) = preSolution
		Debug|Any CPU = Debug|Any CPU
		Release|Any CPU = Release|Any CPU
	EndGlobalSection
	GlobalSection(ProjectConfigurationPlatforms) = postSolution
		{319FA88B-1993-48FE-9C6F-781AF4ABFE3C}.Debug|Any CPU.ActiveCfg = Debug|Any CPU
		{319FA88B-1993-48FE-9C6F-781AF4ABFE3C}.Debug|Any CPU.Build.0 = Debug|Any CPU
		{319FA88B-1993-48FE-9C6F-781AF4ABFE3C}.Release|Any CPU.ActiveCfg = Release|Any CPU
		{319FA88B-1993-48FE-9C6F-781AF4ABFE3C}.Release|Any CPU.Build.0 = Release|Any CPU
	EndGlobalSection
EndGlobal
